
Microsoft Visual Studio Solution File, Format Version 12.00
# Visual Studio Version 17
VisualStudioVersion = 17.8.34322.80
MinimumVisualStudioVersion = 10.0.40219.1
Project("{FAE04EC0-301F-11D3-BF4B-00C04F79EFBC}") = "KaraokeManagement", "KaraokeManagement\KaraokeManagement.csproj", "{637326DB-108E-4381-98BA-845AA1CAAAAC}"
EndProject
Global
	GlobalSection(SolutionConfigurationPlatforms) = preSolution
		Debug|Any CPU = Debug|Any CPU
		Release|Any CPU = Release|Any CPU
	EndGlobalSection
	GlobalSection(ProjectConfigurationPlatforms) = postSolution
		{637326DB-108E-4381-98BA-845AA1CAAAAC}.Debug|Any CPU.ActiveCfg = Debug|Any CPU
		{637326DB-108E-4381-98BA-845AA1CAAAAC}.Debug|Any CPU.Build.0 = Debug|Any CPU
		{637326DB-108E-4381-98BA-845AA1CAAAAC}.Release|Any CPU.ActiveCfg = Release|Any CPU
		{637326DB-108E-4381-98BA-845AA1CAAAAC}.Release|Any CPU.Build.0 = Release|Any CPU
	EndGlobalSection
	GlobalSection(SolutionProperties) = preSolution
		HideSolutionNode = FALSE
	EndGlobalSection
	GlobalSection(ExtensibilityGlobals) = postSolution
		SolutionGuid = {E98B8FB8-9EA6-4D99-A8F6-F98DB20E504F}
	EndGlobalSection
EndGlobal
